
Microsoft Visual Studio Solution File, Format Version 12.00
# Visual Studio Version 17
VisualStudioVersion = 17.9.34723.18
MinimumVisualStudioVersion = 10.0.40219.1
Project("{FAE04EC0-301F-11D3-BF4B-00C04F79EFBC}") = "ClickerDemo", "ClickerDemo.csproj", "{13FE5F4B-B0EF-4782-B3C3-4D8F9156C685}"
EndProject
Global
	GlobalSection(SolutionConfigurationPlatforms) = preSolution
		Debug|Any CPU = Debug|Any CPU
		Release|Any CPU = Release|Any CPU
	EndGlobalSection
	GlobalSection(ProjectConfigurationPlatforms) = postSolution
		{13FE5F4B-B0EF-4782-B3C3-4D8F9156C685}.Debug|Any CPU.ActiveCfg = Debug|Any CPU
		{13FE5F4B-B0EF-4782-B3C3-4D8F9156C685}.Debug|Any CPU.Build.0 = Debug|Any CPU
		{13FE5F4B-B0EF-4782-B3C3-4D8F9156C685}.Release|Any CPU.ActiveCfg = Release|Any CPU
		{13FE5F4B-B0EF-4782-B3C3-4D8F9156C685}.Release|Any CPU.Build.0 = Release|Any CPU
	EndGlobalSection
	GlobalSection(SolutionProperties) = preSolution
		HideSolutionNode = FALSE
	EndGlobalSection
	GlobalSection(ExtensibilityGlobals) = postSolution
		SolutionGuid = {FE4A303E-C3E8-47C9-9AF3-2C04B4EC9975}
	EndGlobalSection
EndGlobal
